
Microsoft Visual Studio Solution File, Format Version 12.00
# Visual Studio Version 17
VisualStudioVersion = 17.11.35312.102
MinimumVisualStudioVersion = 10.0.40219.1
Project("{FAE04EC0-301F-11D3-BF4B-00C04F79EFBC}") = "LeetCode-2928", "LeetCode-2928.csproj", "{04B727AB-D308-4CC5-B12E-82585F5D23D9}"
EndProject
Global
	GlobalSection(SolutionConfigurationPlatforms) = preSolution
		Debug|Any CPU = Debug|Any CPU
		Release|Any CPU = Release|Any CPU
	EndGlobalSection
	GlobalSection(ProjectConfigurationPlatforms) = postSolution
		{04B727AB-D308-4CC5-B12E-82585F5D23D9}.Debug|Any CPU.ActiveCfg = Debug|Any CPU
		{04B727AB-D308-4CC5-B12E-82585F5D23D9}.Debug|Any CPU.Build.0 = Debug|Any CPU
		{04B727AB-D308-4CC5-B12E-82585F5D23D9}.Release|Any CPU.ActiveCfg = Release|Any CPU
		{04B727AB-D308-4CC5-B12E-82585F5D23D9}.Release|Any CPU.Build.0 = Release|Any CPU
	EndGlobalSection
	GlobalSection(SolutionProperties) = preSolution
		HideSolutionNode = FALSE
	EndGlobalSection
	GlobalSection(ExtensibilityGlobals) = postSolution
		SolutionGuid = {682B5CEF-2C12-49E3-A031-B70A9EA0A33D}
	EndGlobalSection
EndGlobal
